
Microsoft Visual Studio Solution File, Format Version 12.00
# Visual Studio Version 17
VisualStudioVersion = 17.11.35431.28
MinimumVisualStudioVersion = 10.0.40219.1
Project("{FAE04EC0-301F-11D3-BF4B-00C04F79EFBC}") = "WebSGV", "WebSGV\WebSGV.csproj", "{4421D8A7-7B59-4659-AD26-29813646DA7F}"
EndProject
Global
	GlobalSection(SolutionConfigurationPlatforms) = preSolution
		Debug|Any CPU = Debug|Any CPU
		Release|Any CPU = Release|Any CPU
	EndGlobalSection
	GlobalSection(ProjectConfigurationPlatforms) = postSolution
		{4421D8A7-7B59-4659-AD26-29813646DA7F}.Debug|Any CPU.ActiveCfg = Debug|Any CPU
		{4421D8A7-7B59-4659-AD26-29813646DA7F}.Debug|Any CPU.Build.0 = Debug|Any CPU
		{4421D8A7-7B59-4659-AD26-29813646DA7F}.Release|Any CPU.ActiveCfg = Release|Any CPU
		{4421D8A7-7B59-4659-AD26-29813646DA7F}.Release|Any CPU.Build.0 = Release|Any CPU
	EndGlobalSection
	GlobalSection(SolutionProperties) = preSolution
		HideSolutionNode = FALSE
	EndGlobalSection
	GlobalSection(ExtensibilityGlobals) = postSolution
		SolutionGuid = {84E5F26F-097A-4E9B-8622-90A0DA022C23}
	EndGlobalSection
EndGlobal
